{
  "name": "@cmusei/crucible-common",
  "version": "0.4.2",
  "lockfileVersion": 2,
  "requires": true,
  "packages": {
    "": {
      "name": "@cmusei/crucible-common",
      "version": "0.4.2",
      "license": "MIT",
      "dependencies": {
        "tslib": "^2.4.1"
      },
      "devDependencies": {
        "typescript": "^5.9.3"
      },
      "peerDependencies": {
        "@angular/common": "^21.1.1",
        "@angular/core": "^21.1.1",
        "@datorama/akita": "^8.0.0",
        "oidc-client-ts": "^2.4.0 || ^3.0.0",
        "rxjs": "^7.8.1"
      }
    },
    "node_modules/@angular/common": {
      "version": "21.1.1",
      "resolved": "https://registry.npmjs.org/@angular/common/-/common-21.1.1.tgz",
      "integrity": "sha512-Di2I6TooHdKun3SqRr45o4LbWJq/ZdwUt3fg0X3obPYaP/f6TrFQ4TMjcl03EfPufPtoQx6O+d32rcWVLhDxyw==",
      "license": "MIT",
      "peer": true,
      "dependencies": {
        "tslib": "^2.3.0"
      },
      "engines": {
        "node": "^20.19.0 || ^22.12.0 || >=24.0.0"
      },
      "peerDependencies": {
        "@angular/core": "21.1.1",
        "rxjs": "^6.5.3 || ^7.4.0"
      }
    },
    "node_modules/@angular/core": {
      "version": "21.1.1",
      "resolved": "https://registry.npmjs.org/@angular/core/-/core-21.1.1.tgz",
      "integrity": "sha512-KFRCEhsi02pY1EqJ5rnze4mzSaacqh14D8goDhtmARiUH0tefaHR+uKyu4bKSrWga2T/ExG0DJX52LhHRs2qSw==",
      "license": "MIT",
      "peer": true,
      "dependencies": {
        "tslib": "^2.3.0"
      },
      "engines": {
        "node": "^20.19.0 || ^22.12.0 || >=24.0.0"
      },
      "peerDependencies": {
        "@angular/compiler": "21.1.1",
        "rxjs": "^6.5.3 || ^7.4.0",
        "zone.js": "~0.15.0 || ~0.16.0"
      },
      "peerDependenciesMeta": {
        "@angular/compiler": {
          "optional": true
        },
        "zone.js": {
          "optional": true
        }
      }
    },
    "node_modules/@datorama/akita": {
      "version": "8.0.1",
      "resolved": "https://registry.npmjs.org/@datorama/akita/-/akita-8.0.1.tgz",
      "integrity": "sha512-0VnPWd+Sy3ColhzjDSBNcEnzAQtbezk6bYmJHvPaLMK5Ysl90KcNls2bE4sj5vaLeGLjhMtqtfp/RgrigPXDxA==",
      "license": "Apache-2.0",
      "peer": true,
      "peerDependencies": {
        "rxjs": "*",
        "tslib": "2.4.1"
      }
    },
    "node_modules/jwt-decode": {
      "version": "4.0.0",
      "resolved": "https://registry.npmjs.org/jwt-decode/-/jwt-decode-4.0.0.tgz",
      "integrity": "sha512-+KJGIyHgkGuIq3IEBNftfhW/LfWhXUIY6OmyVWjliu5KH1y0fw7VQ8YndE2O4qZdMSd9SqbnC8GOcZEy0Om7sA==",
      "license": "MIT",
      "peer": true,
      "engines": {
        "node": ">=18"
      }
    },
    "node_modules/oidc-client-ts": {
      "version": "3.4.1",
      "resolved": "https://registry.npmjs.org/oidc-client-ts/-/oidc-client-ts-3.4.1.tgz",
      "integrity": "sha512-jNdst/U28Iasukx/L5MP6b274Vr7ftQs6qAhPBCvz6Wt5rPCA+Q/tUmCzfCHHWweWw5szeMy2Gfrm1rITwUKrw==",
      "license": "Apache-2.0",
      "peer": true,
      "dependencies": {
        "jwt-decode": "^4.0.0"
      },
      "engines": {
        "node": ">=18"
      }
    },
    "node_modules/rxjs": {
      "version": "7.8.2",
      "resolved": "https://registry.npmjs.org/rxjs/-/rxjs-7.8.2.tgz",
      "integrity": "sha512-dhKf903U/PQZY6boNNtAGdWbG85WAbjT/1xYoZIC7FAY0yWapOBQVsVrDl58W86//e1VpMNBtRV4MaXfdMySFA==",
      "license": "Apache-2.0",
      "peer": true,
      "dependencies": {
        "tslib": "^2.1.0"
      }
    },
    "node_modules/tslib": {
      "version": "2.4.1",
      "resolved": "https://registry.npmjs.org/tslib/-/tslib-2.4.1.tgz",
      "integrity": "sha512-tGyy4dAjRIEwI7BzsB0lynWgOpfqjUdq91XXAlIWD2OwKBH7oCl/GZG/HT4BOHrTlPMOASlMQ7veyTqpmRcrNA==",
      "license": "0BSD"
    },
    "node_modules/typescript": {
      "version": "5.9.3",
      "resolved": "https://registry.npmjs.org/typescript/-/typescript-5.9.3.tgz",
      "integrity": "sha512-jl1vZzPDinLr9eUt3J/t7V6FgNEw9QjvBPdysz9KfQDD41fQrC2Y4vKQdiaUpFT4bXlb1RHhLpp8wtm6M5TgSw==",
      "dev": true,
      "license": "Apache-2.0",
      "bin": {
        "tsc": "bin/tsc",
        "tsserver": "bin/tsserver"
      },
      "engines": {
        "node": ">=14.17"
      }
    }
  }
}
